// !$*UTF8*$!
{
	archiveVersion = 1;
	classes = {
	};
	objectVersion = 50;
	objects = {

/* Begin PBXBuildFile section */
		504C4E5326B2B63B00785760 /* main.swift in Sources */ = {isa = PBXBuildFile; fileRef = 504C4E5226B2B63B00785760 /* main.swift */; };
		504C4E5B26B2B78900785760 /* FileReader.swift in Sources */ = {isa = PBXBuildFile; fileRef = 504C4E5A26B2B78900785760 /* FileReader.swift */; };
		50E1E6ED26B9735400E8AA1A /* Tortoise.swift in Sources */ = {isa = PBXBuildFile; fileRef = 50E1E6EC26B9735400E8AA1A /* Tortoise.swift */; };
/* End PBXBuildFile section */

/* Begin PBXCopyFilesBuildPhase section */
		504C4E4D26B2B63B00785760 /* CopyFiles */ = {
			isa = PBXCopyFilesBuildPhase;
			buildActionMask = 2147483647;
			dstPath = /usr/share/man/man1/;
			dstSubfolderSpec = 0;
			files = (
			);
			runOnlyForDeploymentPostprocessing = 1;
		};
/* End PBXCopyFilesBuildPhase section */

/* Begin PBXFileReference section */
		504C4E4F26B2B63B00785760 /* PragmaticProgrammer */ = {isa = PBXFileReference; explicitFileType = "compiled.mach-o.executable"; includeInIndex = 0; path = PragmaticProgrammer; sourceTree = BUILT_PRODUCTS_DIR; };
		504C4E5226B2B63B00785760 /* main.swift */ = {isa = PBXFileReference; lastKnownFileType = sourcecode.swift; path = main.swift; sourceTree = "<group>"; };
		504C4E5A26B2B78900785760 /* FileReader.swift */ = {isa = PBXFileReference; lastKnownFileType = sourcecode.swift; path = FileReader.swift; sourceTree = "<group>"; };
		504C4E5C26B2B84800785760 /* README.md */ = {isa = PBXFileReference; lastKnownFileType = net.daringfireball.markdown; path = README.md; sourceTree = "<group>"; };
		50E1E6EC26B9735400E8AA1A /* Tortoise.swift */ = {isa = PBXFileReference; lastKnownFileType = sourcecode.swift; path = Tortoise.swift; sourceTree = "<group>"; };
		50E1E6EE26B9737600E8AA1A /* README.md */ = {isa = PBXFileReference; lastKnownFileType = net.daringfireball.markdown; path = README.md; sourceTree = "<group>"; };
/* End PBXFileReference section */

/* Begin PBXFrameworksBuildPhase section */
		504C4E4C26B2B63B00785760 /* Frameworks */ = {
			isa = PBXFrameworksBuildPhase;
			buildActionMask = 2147483647;
			files = (
			);
			runOnlyForDeploymentPostprocessing = 0;
		};
/* End PBXFrameworksBuildPhase section */

/* Begin PBXGroup section */
		5028A61B26C14FFB00BB1788 /* Frameworks */ = {
			isa = PBXGroup;
			children = (
			);
			name = Frameworks;
			sourceTree = "<group>";
		};
		504C4E4626B2B63B00785760 = {
			isa = PBXGroup;
			children = (
				504C4E5C26B2B84800785760 /* README.md */,
				504C4E5126B2B63B00785760 /* PragmaticProgrammer */,
				504C4E5026B2B63B00785760 /* Products */,
				5028A61B26C14FFB00BB1788 /* Frameworks */,
			);
			sourceTree = "<group>";
		};
		504C4E5026B2B63B00785760 /* Products */ = {
			isa = PBXGroup;
			children = (
				504C4E4F26B2B63B00785760 /* PragmaticProgrammer */,
			);
			name = Products;
			sourceTree = "<group>";
		};
		504C4E5126B2B63B00785760 /* PragmaticProgrammer */ = {
			isa = PBXGroup;
			children = (
				50E1E6EA26B972E900E8AA1A /* Chapter14 */,
				504C4E5926B2B72800785760 /* Chapter10 */,
				504C4E5226B2B63B00785760 /* main.swift */,
			);
			path = PragmaticProgrammer;
			sourceTree = "<group>";
		};
		504C4E5926B2B72800785760 /* Chapter10 */ = {
			isa = PBXGroup;
			children = (
				504C4E5A26B2B78900785760 /* FileReader.swift */,
			);
			path = Chapter10;
			sourceTree = "<group>";
		};
		50E1E6EA26B972E900E8AA1A /* Chapter14 */ = {
			isa = PBXGroup;
			children = (
				50E1E6EB26B972FD00E8AA1A /* Exercise4 */,
			);
			path = Chapter14;
			sourceTree = "<group>";
		};
		50E1E6EB26B972FD00E8AA1A /* Exercise4 */ = {
			isa = PBXGroup;
			children = (
				50E1E6EC26B9735400E8AA1A /* Tortoise.swift */,
				50E1E6EE26B9737600E8AA1A /* README.md */,
			);
			path = Exercise4;
			sourceTree = "<group>";
		};
/* End PBXGroup section */

/* Begin PBXNativeTarget section */
		504C4E4E26B2B63B00785760 /* PragmaticProgrammer */ = {
			isa = PBXNativeTarget;
			buildConfigurationList = 504C4E5626B2B63B00785760 /* Build configuration list for PBXNativeTarget "PragmaticProgrammer" */;
			buildPhases = (
				504C4E4B26B2B63B00785760 /* Sources */,
				504C4E4C26B2B63B00785760 /* Frameworks */,
				504C4E4D26B2B63B00785760 /* CopyFiles */,
			);
			buildRules = (
			);
			dependencies = (
			);
			name = PragmaticProgrammer;
			productName = PragmaticProgrammer;
			productReference = 504C4E4F26B2B63B00785760 /* PragmaticProgrammer */;
			productType = "com.apple.product-type.tool";
		};
/* End PBXNativeTarget section */

/* Begin PBXProject section */
		504C4E4726B2B63B00785760 /* Project object */ = {
			isa = PBXProject;
			attributes = {
				LastSwiftUpdateCheck = 1250;
				LastUpgradeCheck = 1250;
				TargetAttributes = {
					504C4E4E26B2B63B00785760 = {
						CreatedOnToolsVersion = 12.5.1;
					};
				};
			};
			buildConfigurationList = 504C4E4A26B2B63B00785760 /* Build configuration list for PBXProject "PragmaticProgrammer" */;
			compatibilityVersion = "Xcode 9.3";
			developmentRegion = en;
			hasScannedForEncodings = 0;
			knownRegions = (
				en,
				Base,
			);
			mainGroup = 504C4E4626B2B63B00785760;
			productRefGroup = 504C4E5026B2B63B00785760 /* Products */;
			projectDirPath = "";
			projectRoot = "";
			targets = (
				504C4E4E26B2B63B00785760 /* PragmaticProgrammer */,
			);
		};
/* End PBXProject section */

/* Begin PBXSourcesBuildPhase section */
		504C4E4B26B2B63B00785760 /* Sources */ = {
			isa = PBXSourcesBuildPhase;
			buildActionMask = 2147483647;
			files = (
				504C4E5B26B2B78900785760 /* FileReader.swift in Sources */,
				504C4E5326B2B63B00785760 /* main.swift in Sources */,
				50E1E6ED26B9735400E8AA1A /* Tortoise.swift in Sources */,
			);
			runOnlyForDeploymentPostprocessing = 0;
		};
/* End PBXSourcesBuildPhase section */

/* Begin XCBuildConfiguration section */
		504C4E5426B2B63B00785760 /* Debug */ = {
			isa = XCBuildConfiguration;
			buildSettings = {
				ALWAYS_SEARCH_USER_PATHS = NO;
				CLANG_ANALYZER_NONNULL = YES;
				CLANG_ANALYZER_NUMBER_OBJECT_CONVERSION = YES_AGGRESSIVE;
				CLANG_CXX_LANGUAGE_STANDARD = "gnu++14";
				CLANG_CXX_LIBRARY = "libc++";
				CLANG_ENABLE_MODULES = YES;
				CLANG_ENABLE_OBJC_ARC = YES;
				CLANG_ENABLE_OBJC_WEAK = YES;
				CLANG_WARN_BLOCK_CAPTURE_AUTORELEASING = YES;
				CLANG_WARN_BOOL_CONVERSION = YES;
				CLANG_WARN_COMMA = YES;
				CLANG_WARN_CONSTANT_CONVERSION = YES;
				CLANG_WARN_DEPRECATED_OBJC_IMPLEMENTATIONS = YES;
				CLANG_WARN_DIRECT_OBJC_ISA_USAGE = YES_ERROR;
				CLANG_WARN_DOCUMENTATION_COMMENTS = YES;
				CLANG_WARN_EMPTY_BODY = YES;
				CLANG_WARN_ENUM_CONVERSION = YES;
				CLANG_WARN_INFINITE_RECURSION = YES;
				CLANG_WARN_INT_CONVERSION = YES;
				CLANG_WARN_NON_LITERAL_NULL_CONVERSION = YES;
				CLANG_WARN_OBJC_IMPLICIT_RETAIN_SELF = YES;
				CLANG_WARN_OBJC_LITERAL_CONVERSION = YES;
				CLANG_WARN_OBJC_ROOT_CLASS = YES_ERROR;
				CLANG_WARN_QUOTED_INCLUDE_IN_FRAMEWORK_HEADER = YES;
				CLANG_WARN_RANGE_LOOP_ANALYSIS = YES;
				CLANG_WARN_STRICT_PROTOTYPES = YES;
				CLANG_WARN_SUSPICIOUS_MOVE = YES;
				CLANG_WARN_UNGUARDED_AVAILABILITY = YES_AGGRESSIVE;
				CLANG_WARN_UNREACHABLE_CODE = YES;
				CLANG_WARN__DUPLICATE_METHOD_MATCH = YES;
				COPY_PHASE_STRIP = NO;
				DEBUG_INFORMATION_FORMAT = dwarf;
				ENABLE_STRICT_OBJC_MSGSEND = YES;
				ENABLE_TESTABILITY = YES;
				GCC_C_LANGUAGE_STANDARD = gnu11;
				GCC_DYNAMIC_NO_PIC = NO;
				GCC_NO_COMMON_BLOCKS = YES;
				GCC_OPTIMIZATION_LEVEL = 0;
				GCC_PREPROCESSOR_DEFINITIONS = (
					"DEBUG=1",
					"$(inherited)",
				);
				GCC_WARN_64_TO_32_BIT_CONVERSION = YES;
				GCC_WARN_ABOUT_RETURN_TYPE = YES_ERROR;
				GCC_WARN_UNDECLARED_SELECTOR = YES;
				GCC_WARN_UNINITIALIZED_AUTOS = YES_AGGRESSIVE;
				GCC_WARN_UNUSED_FUNCTION = YES;
				GCC_WARN_UNUSED_VARIABLE = YES;
				MACOSX_DEPLOYMENT_TARGET = 11.3;
				MTL_ENABLE_DEBUG_INFO = INCLUDE_SOURCE;
				MTL_FAST_MATH = YES;
				ONLY_ACTIVE_ARCH = YES;
				SDKROOT = macosx;
				SWIFT_ACTIVE_COMPILATION_CONDITIONS = DEBUG;
				SWIFT_OPTIMIZATION_LEVEL = "-Onone";
			};
			name = Debug;
		};
		504C4E5526B2B63B00785760 /* Release */ = {
			isa = XCBuildConfiguration;
			buildSettings = {
				ALWAYS_SEARCH_USER_PATHS = NO;
				CLANG_ANALYZER_NONNULL = YES;
				CLANG_ANALYZER_NUMBER_OBJECT_CONVERSION = YES_AGGRESSIVE;
				CLANG_CXX_LANGUAGE_STANDARD = "gnu++14";
				CLANG_CXX_LIBRARY = "libc++";
				CLANG_ENABLE_MODULES = YES;
				CLANG_ENABLE_OBJC_ARC = YES;
				CLANG_ENABLE_OBJC_WEAK = YES;
				CLANG_WARN_BLOCK_CAPTURE_AUTORELEASING = YES;
				CLANG_WARN_BOOL_CONVERSION = YES;
				CLANG_WARN_COMMA = YES;
				CLANG_WARN_CONSTANT_CONVERSION = YES;
				CLANG_WARN_DEPRECATED_OBJC_IMPLEMENTATIONS = YES;
				CLANG_WARN_DIRECT_OBJC_ISA_USAGE = YES_ERROR;
				CLANG_WARN_DOCUMENTATION_COMMENTS = YES;
				CLANG_WARN_EMPTY_BODY = YES;
				CLANG_WARN_ENUM_CONVERSION = YES;
				CLANG_WARN_INFINITE_RECURSION = YES;
				CLANG_WARN_INT_CONVERSION = YES;
				CLANG_WARN_NON_LITERAL_NULL_CONVERSION = YES;
				CLANG_WARN_OBJC_IMPLICIT_RETAIN_SELF = YES;
				CLANG_WARN_OBJC_LITERAL_CONVERSION = YES;
				CLANG_WARN_OBJC_ROOT_CLASS = YES_ERROR;
				CLANG_WARN_QUOTED_INCLUDE_IN_FRAMEWORK_HEADER = YES;
				CLANG_WARN_RANGE_LOOP_ANALYSIS = YES;
				CLANG_WARN_STRICT_PROTOTYPES = YES;
				CLANG_WARN_SUSPICIOUS_MOVE = YES;
				CLANG_WARN_UNGUARDED_AVAILABILITY = YES_AGGRESSIVE;
				CLANG_WARN_UNREACHABLE_CODE = YES;
				CLANG_WARN__DUPLICATE_METHOD_MATCH = YES;
				COPY_PHASE_STRIP = NO;
				DEBUG_INFORMATION_FORMAT = "dwarf-with-dsym";
				ENABLE_NS_ASSERTIONS = NO;
				ENABLE_STRICT_OBJC_MSGSEND = YES;
				GCC_C_LANGUAGE_STANDARD = gnu11;
				GCC_NO_COMMON_BLOCKS = YES;
				GCC_WARN_64_TO_32_BIT_CONVERSION = YES;
				GCC_WARN_ABOUT_RETURN_TYPE = YES_ERROR;
				GCC_WARN_UNDECLARED_SELECTOR = YES;
				GCC_WARN_UNINITIALIZED_AUTOS = YES_AGGRESSIVE;
				GCC_WARN_UNUSED_FUNCTION = YES;
				GCC_WARN_UNUSED_VARIABLE = YES;
				MACOSX_DEPLOYMENT_TARGET = 11.3;
				MTL_ENABLE_DEBUG_INFO = NO;
				MTL_FAST_MATH = YES;
				SDKROOT = macosx;
				SWIFT_COMPILATION_MODE = wholemodule;
				SWIFT_OPTIMIZATION_LEVEL = "-O";
			};
			name = Release;
		};
		504C4E5726B2B63B00785760 /* Debug */ = {
			isa = XCBuildConfiguration;
			buildSettings = {
				CODE_SIGN_STYLE = Automatic;
				DEVELOPMENT_TEAM = 95WZQ373WM;
				ENABLE_HARDENED_RUNTIME = YES;
				PRODUCT_NAME = "$(TARGET_NAME)";
				SWIFT_VERSION = 5.0;
			};
			name = Debug;
		};
		504C4E5826B2B63B00785760 /* Release */ = {
			isa = XCBuildConfiguration;
			buildSettings = {
				CODE_SIGN_STYLE = Automatic;
				DEVELOPMENT_TEAM = 95WZQ373WM;
				ENABLE_HARDENED_RUNTIME = YES;
				PRODUCT_NAME = "$(TARGET_NAME)";
				SWIFT_VERSION = 5.0;
			};
			name = Release;
		};
/* End XCBuildConfiguration section */

/* Begin XCConfigurationList section */
		504C4E4A26B2B63B00785760 /* Build configuration list for PBXProject "PragmaticProgrammer" */ = {
			isa = XCConfigurationList;
			buildConfigurations = (
				504C4E5426B2B63B00785760 /* Debug */,
				504C4E5526B2B63B00785760 /* Release */,
			);
			defaultConfigurationIsVisible = 0;
			defaultConfigurationName = Release;
		};
		504C4E5626B2B63B00785760 /* Build configuration list for PBXNativeTarget "PragmaticProgrammer" */ = {
			isa = XCConfigurationList;
			buildConfigurations = (
				504C4E5726B2B63B00785760 /* Debug */,
				504C4E5826B2B63B00785760 /* Release */,
			);
			defaultConfigurationIsVisible = 0;
			defaultConfigurationName = Release;
		};
/* End XCConfigurationList section */
	};
	rootObject = 504C4E4726B2B63B00785760 /* Project object */;
}
